
Microsoft Visual Studio Solution File, Format Version 12.00
# Visual Studio 2013
VisualStudioVersion = 12.0.31101.0
MinimumVisualStudioVersion = 10.0.40219.1
Project("{2150E333-8FDC-42A3-9474-1A3956D46DE8}") = "tests", "tests", "{85D35A90-96AE-4585-94EB-6AAE56B05DED}"
EndProject
Project("{FAE04EC0-301F-11D3-BF4B-00C04F79EFBC}") = "MonoUI.Metadata", "MonoUI.Metadata\MonoUI.Metadata.csproj", "{B0606411-5D84-4D99-BC56-4DD6558EDD04}"
EndProject
Project("{FAE04EC0-301F-11D3-BF4B-00C04F79EFBC}") = "MonoUI.SchemaGenerator", "MonoUI.SchemaGenerator\MonoUI.SchemaGenerator.csproj", "{3D655825-2337-4AB0-A433-3CB244C389A7}"
EndProject
Project("{FAE04EC0-301F-11D3-BF4B-00C04F79EFBC}") = "MonoUI.Controls", "MonoUI.Controls\MonoUI.Controls.csproj", "{A3337117-7123-42B4-BF16-0031876278AA}"
EndProject
Project("{FAE04EC0-301F-11D3-BF4B-00C04F79EFBC}") = "ExampleApp1", "ExampleApp1\ExampleApp1.csproj", "{45FF4F5F-5A3B-4A6F-B149-A28668D2889C}"
EndProject
Project("{2150E333-8FDC-42A3-9474-1A3956D46DE8}") = "examples", "examples", "{2610AAB5-7418-44F2-A1CE-B7B380D393A4}"
EndProject
Project("{FAE04EC0-301F-11D3-BF4B-00C04F79EFBC}") = "MonoUI.Controls.WinForms", "MonoUI.Controls.WinForms\MonoUI.Controls.WinForms.csproj", "{C29BA165-AE6B-4EA1-A821-55F0F6347669}"
EndProject
Project("{FAE04EC0-301F-11D3-BF4B-00C04F79EFBC}") = "MonoUI.Layouts", "MonoUI.Layouts\MonoUI.Layouts.csproj", "{16FF9004-7B8A-44F0-8305-712FCA2A0AAB}"
EndProject
Project("{FAE04EC0-301F-11D3-BF4B-00C04F79EFBC}") = "MonoUI.Core", "MonoUI.Core\MonoUI.Core.csproj", "{6C2A05D5-9893-480C-8735-C28849C4ADA1}"
EndProject
Global
	GlobalSection(SolutionConfigurationPlatforms) = preSolution
		Debug|Any CPU = Debug|Any CPU
		Release|Any CPU = Release|Any CPU
	EndGlobalSection
	GlobalSection(ProjectConfigurationPlatforms) = postSolution
		{B0606411-5D84-4D99-BC56-4DD6558EDD04}.Debug|Any CPU.ActiveCfg = Debug|Any CPU
		{B0606411-5D84-4D99-BC56-4DD6558EDD04}.Debug|Any CPU.Build.0 = Debug|Any CPU
		{B0606411-5D84-4D99-BC56-4DD6558EDD04}.Release|Any CPU.ActiveCfg = Release|Any CPU
		{B0606411-5D84-4D99-BC56-4DD6558EDD04}.Release|Any CPU.Build.0 = Release|Any CPU
		{3D655825-2337-4AB0-A433-3CB244C389A7}.Debug|Any CPU.ActiveCfg = Debug|Any CPU
		{3D655825-2337-4AB0-A433-3CB244C389A7}.Debug|Any CPU.Build.0 = Debug|Any CPU
		{3D655825-2337-4AB0-A433-3CB244C389A7}.Release|Any CPU.ActiveCfg = Release|Any CPU
		{3D655825-2337-4AB0-A433-3CB244C389A7}.Release|Any CPU.Build.0 = Release|Any CPU
		{A3337117-7123-42B4-BF16-0031876278AA}.Debug|Any CPU.ActiveCfg = Debug|Any CPU
		{A3337117-7123-42B4-BF16-0031876278AA}.Debug|Any CPU.Build.0 = Debug|Any CPU
		{A3337117-7123-42B4-BF16-0031876278AA}.Release|Any CPU.ActiveCfg = Release|Any CPU
		{A3337117-7123-42B4-BF16-0031876278AA}.Release|Any CPU.Build.0 = Release|Any CPU
		{45FF4F5F-5A3B-4A6F-B149-A28668D2889C}.Debug|Any CPU.ActiveCfg = Debug|Any CPU
		{45FF4F5F-5A3B-4A6F-B149-A28668D2889C}.Debug|Any CPU.Build.0 = Debug|Any CPU
		{45FF4F5F-5A3B-4A6F-B149-A28668D2889C}.Release|Any CPU.ActiveCfg = Release|Any CPU
		{45FF4F5F-5A3B-4A6F-B149-A28668D2889C}.Release|Any CPU.Build.0 = Release|Any CPU
		{C29BA165-AE6B-4EA1-A821-55F0F6347669}.Debug|Any CPU.ActiveCfg = Debug|Any CPU
		{C29BA165-AE6B-4EA1-A821-55F0F6347669}.Debug|Any CPU.Build.0 = Debug|Any CPU
		{C29BA165-AE6B-4EA1-A821-55F0F6347669}.Release|Any CPU.ActiveCfg = Release|Any CPU
		{C29BA165-AE6B-4EA1-A821-55F0F6347669}.Release|Any CPU.Build.0 = Release|Any CPU
		{16FF9004-7B8A-44F0-8305-712FCA2A0AAB}.Debug|Any CPU.ActiveCfg = Debug|Any CPU
		{16FF9004-7B8A-44F0-8305-712FCA2A0AAB}.Debug|Any CPU.Build.0 = Debug|Any CPU
		{16FF9004-7B8A-44F0-8305-712FCA2A0AAB}.Release|Any CPU.ActiveCfg = Release|Any CPU
		{16FF9004-7B8A-44F0-8305-712FCA2A0AAB}.Release|Any CPU.Build.0 = Release|Any CPU
		{6C2A05D5-9893-480C-8735-C28849C4ADA1}.Debug|Any CPU.ActiveCfg = Debug|Any CPU
		{6C2A05D5-9893-480C-8735-C28849C4ADA1}.Debug|Any CPU.Build.0 = Debug|Any CPU
		{6C2A05D5-9893-480C-8735-C28849C4ADA1}.Release|Any CPU.ActiveCfg = Release|Any CPU
		{6C2A05D5-9893-480C-8735-C28849C4ADA1}.Release|Any CPU.Build.0 = Release|Any CPU
	EndGlobalSection
	GlobalSection(SolutionProperties) = preSolution
		HideSolutionNode = FALSE
	EndGlobalSection
	GlobalSection(NestedProjects) = preSolution
		{45FF4F5F-5A3B-4A6F-B149-A28668D2889C} = {2610AAB5-7418-44F2-A1CE-B7B380D393A4}
	EndGlobalSection
EndGlobal
